// !$*UTF8*$!
{
	archiveVersion = 1;
	classes = {
	};
	objectVersion = 56;
	objects = {

/* Begin PBXBuildFile section */
		6B1A67AB2C2D7CCA0035FB55 /* UserTabBarController.swift in Sources */ = {isa = PBXBuildFile; fileRef = 6B1A67AA2C2D7CCA0035FB55 /* UserTabBarController.swift */; };
		6B1A67AD2C2D80360035FB55 /* HomeCollectionViewSections.swift in Sources */ = {isa = PBXBuildFile; fileRef = 6B1A67AC2C2D80360035FB55 /* HomeCollectionViewSections.swift */; };
		6B1A67B12C2D8AB80035FB55 /* BaseView.swift in Sources */ = {isa = PBXBuildFile; fileRef = 6B1A67B02C2D8AB80035FB55 /* BaseView.swift */; };
		6B1A67B32C2D9A120035FB55 /* HomeMainCollectionViewCell.swift in Sources */ = {isa = PBXBuildFile; fileRef = 6B1A67B22C2D9A120035FB55 /* HomeMainCollectionViewCell.swift */; };
		6B1A67B52C2DA7D20035FB55 /* UIButton+Extension.swift in Sources */ = {isa = PBXBuildFile; fileRef = 6B1A67B42C2DA7D20035FB55 /* UIButton+Extension.swift */; };
		6B1A67BB2C2E76B00035FB55 /* SearchViewController.swift in Sources */ = {isa = PBXBuildFile; fileRef = 6B1A67BA2C2E76B00035FB55 /* SearchViewController.swift */; };
		6B9646162C2A881200D73C11 /* AppDelegate.swift in Sources */ = {isa = PBXBuildFile; fileRef = 6B9646152C2A881200D73C11 /* AppDelegate.swift */; };
		6B9646182C2A881200D73C11 /* SceneDelegate.swift in Sources */ = {isa = PBXBuildFile; fileRef = 6B9646172C2A881200D73C11 /* SceneDelegate.swift */; };
		6B96461F2C2A881300D73C11 /* Assets.xcassets in Resources */ = {isa = PBXBuildFile; fileRef = 6B96461E2C2A881300D73C11 /* Assets.xcassets */; };
		6B9646222C2A881300D73C11 /* Base in Resources */ = {isa = PBXBuildFile; fileRef = 6B9646212C2A881300D73C11 /* Base */; };
		6B96462C2C2AACA000D73C11 /* Identifier+Extension.swift in Sources */ = {isa = PBXBuildFile; fileRef = 6B96462B2C2AACA000D73C11 /* Identifier+Extension.swift */; };
		6B9646302C2AADC200D73C11 /* BaseViewController.swift in Sources */ = {isa = PBXBuildFile; fileRef = 6B96462F2C2AADC200D73C11 /* BaseViewController.swift */; };
		6B9646322C2AAE5A00D73C11 /* .gitignore in Resources */ = {isa = PBXBuildFile; fileRef = 6B9646312C2AAE5A00D73C11 /* .gitignore */; };
		6B9646342C2AAEE400D73C11 /* TMDBRouter.swift in Sources */ = {isa = PBXBuildFile; fileRef = 6B9646332C2AAEE400D73C11 /* TMDBRouter.swift */; };
		6B9646372C2AAFE200D73C11 /* Kingfisher in Frameworks */ = {isa = PBXBuildFile; productRef = 6B9646362C2AAFE200D73C11 /* Kingfisher */; };
		6B96463A2C2AAFEC00D73C11 /* Alamofire in Frameworks */ = {isa = PBXBuildFile; productRef = 6B9646392C2AAFEC00D73C11 /* Alamofire */; };
		6B96463D2C2AAFF500D73C11 /* SnapKit in Frameworks */ = {isa = PBXBuildFile; productRef = 6B96463C2C2AAFF500D73C11 /* SnapKit */; };
		6B9646402C2AB06B00D73C11 /* TrendViewController.swift in Sources */ = {isa = PBXBuildFile; fileRef = 6B96463F2C2AB06B00D73C11 /* TrendViewController.swift */; };
		6B9646422C2AB18900D73C11 /* NetworkManager.swift in Sources */ = {isa = PBXBuildFile; fileRef = 6B9646412C2AB18900D73C11 /* NetworkManager.swift */; };
		6B9646482C2BC11800D73C11 /* APIKey.swift in Sources */ = {isa = PBXBuildFile; fileRef = 6B9646472C2BC11800D73C11 /* APIKey.swift */; };
		6B96464C2C2BF06C00D73C11 /* QueryOfSearch.swift in Sources */ = {isa = PBXBuildFile; fileRef = 6B96464B2C2BF06C00D73C11 /* QueryOfSearch.swift */; };
		6B9646512C2BF8CC00D73C11 /* SearchDTO.swift in Sources */ = {isa = PBXBuildFile; fileRef = 6B9646502C2BF8CC00D73C11 /* SearchDTO.swift */; };
		6B9646552C2BFC7B00D73C11 /* NetworkError.swift in Sources */ = {isa = PBXBuildFile; fileRef = 6B9646542C2BFC7B00D73C11 /* NetworkError.swift */; };
		6B9646572C2BFCBD00D73C11 /* TMDBHeader.swift in Sources */ = {isa = PBXBuildFile; fileRef = 6B9646562C2BFCBD00D73C11 /* TMDBHeader.swift */; };
		6B9646592C2BFDF300D73C11 /* TrendDTO.swift in Sources */ = {isa = PBXBuildFile; fileRef = 6B9646582C2BFDF300D73C11 /* TrendDTO.swift */; };
		6B96465B2C2BFF1100D73C11 /* MovieCreditDTO.swift in Sources */ = {isa = PBXBuildFile; fileRef = 6B96465A2C2BFF1100D73C11 /* MovieCreditDTO.swift */; };
		6B96465D2C2BFF7B00D73C11 /* SimilarMoviesDTO.swift in Sources */ = {isa = PBXBuildFile; fileRef = 6B96465C2C2BFF7B00D73C11 /* SimilarMoviesDTO.swift */; };
		6B9646602C2C004700D73C11 /* RecommendedMoviesDTO.swift in Sources */ = {isa = PBXBuildFile; fileRef = 6B96465F2C2C004700D73C11 /* RecommendedMoviesDTO.swift */; };
		6B9646642C2C0BC200D73C11 /* TrendCollectionViewCell.swift in Sources */ = {isa = PBXBuildFile; fileRef = 6B9646632C2C0BC200D73C11 /* TrendCollectionViewCell.swift */; };
		6B9646662C2C11A500D73C11 /* QueryOfTrend.swift in Sources */ = {isa = PBXBuildFile; fileRef = 6B9646652C2C11A500D73C11 /* QueryOfTrend.swift */; };
		6B9646682C2C12FB00D73C11 /* QueryOfSimilarAndRecommendations.swift in Sources */ = {isa = PBXBuildFile; fileRef = 6B9646672C2C12FB00D73C11 /* QueryOfSimilarAndRecommendations.swift */; };
		6B96466A2C2C135A00D73C11 /* QueryOfCredit.swift in Sources */ = {isa = PBXBuildFile; fileRef = 6B9646692C2C135A00D73C11 /* QueryOfCredit.swift */; };
		6B96466E2C2C17C500D73C11 /* MovieCreditViewController.swift in Sources */ = {isa = PBXBuildFile; fileRef = 6B96466D2C2C17C500D73C11 /* MovieCreditViewController.swift */; };
		6B9646702C2C17DC00D73C11 /* MovieCreditCollectionViewSections.swift in Sources */ = {isa = PBXBuildFile; fileRef = 6B96466F2C2C17DC00D73C11 /* MovieCreditCollectionViewSections.swift */; };
		6B9646722C2C192E00D73C11 /* PosterCollectionViewCell.swift in Sources */ = {isa = PBXBuildFile; fileRef = 6B9646712C2C192E00D73C11 /* PosterCollectionViewCell.swift */; };
		6B9646742C2C19EF00D73C11 /* OverviewCollectionViewCell.swift in Sources */ = {isa = PBXBuildFile; fileRef = 6B9646732C2C19EF00D73C11 /* OverviewCollectionViewCell.swift */; };
		6B9646762C2C1A7600D73C11 /* CastCollectionViewCell.swift in Sources */ = {isa = PBXBuildFile; fileRef = 6B9646752C2C1A7600D73C11 /* CastCollectionViewCell.swift */; };
		6B9646792C2C1C1400D73C11 /* TitleHeaderView.swift in Sources */ = {isa = PBXBuildFile; fileRef = 6B9646782C2C1C1400D73C11 /* TitleHeaderView.swift */; };
		6B96467B2C2C1C6A00D73C11 /* MovieCreditModel.swift in Sources */ = {isa = PBXBuildFile; fileRef = 6B96467A2C2C1C6A00D73C11 /* MovieCreditModel.swift */; };
		6B96467D2C2C472D00D73C11 /* HeaderCell.swift in Sources */ = {isa = PBXBuildFile; fileRef = 6B96467C2C2C472D00D73C11 /* HeaderCell.swift */; };
		6B96467F2C2CE9C300D73C11 /* HomeViewController.swift in Sources */ = {isa = PBXBuildFile; fileRef = 6B96467E2C2CE9C300D73C11 /* HomeViewController.swift */; };
/* End PBXBuildFile section */

/* Begin PBXFileReference section */
		6B1A67AA2C2D7CCA0035FB55 /* UserTabBarController.swift */ = {isa = PBXFileReference; lastKnownFileType = sourcecode.swift; path = UserTabBarController.swift; sourceTree = "<group>"; };
		6B1A67AC2C2D80360035FB55 /* HomeCollectionViewSections.swift */ = {isa = PBXFileReference; lastKnownFileType = sourcecode.swift; path = HomeCollectionViewSections.swift; sourceTree = "<group>"; };
		6B1A67B02C2D8AB80035FB55 /* BaseView.swift */ = {isa = PBXFileReference; lastKnownFileType = sourcecode.swift; path = BaseView.swift; sourceTree = "<group>"; };
		6B1A67B22C2D9A120035FB55 /* HomeMainCollectionViewCell.swift */ = {isa = PBXFileReference; lastKnownFileType = sourcecode.swift; path = HomeMainCollectionViewCell.swift; sourceTree = "<group>"; };
		6B1A67B42C2DA7D20035FB55 /* UIButton+Extension.swift */ = {isa = PBXFileReference; lastKnownFileType = sourcecode.swift; path = "UIButton+Extension.swift"; sourceTree = "<group>"; };
		6B1A67BA2C2E76B00035FB55 /* SearchViewController.swift */ = {isa = PBXFileReference; lastKnownFileType = sourcecode.swift; path = SearchViewController.swift; sourceTree = "<group>"; };
		6B9646122C2A881200D73C11 /* MovieLog.app */ = {isa = PBXFileReference; explicitFileType = wrapper.application; includeInIndex = 0; path = MovieLog.app; sourceTree = BUILT_PRODUCTS_DIR; };
		6B9646152C2A881200D73C11 /* AppDelegate.swift */ = {isa = PBXFileReference; lastKnownFileType = sourcecode.swift; path = AppDelegate.swift; sourceTree = "<group>"; };
		6B9646172C2A881200D73C11 /* SceneDelegate.swift */ = {isa = PBXFileReference; lastKnownFileType = sourcecode.swift; path = SceneDelegate.swift; sourceTree = "<group>"; };
		6B96461E2C2A881300D73C11 /* Assets.xcassets */ = {isa = PBXFileReference; lastKnownFileType = folder.assetcatalog; path = Assets.xcassets; sourceTree = "<group>"; };
		6B9646212C2A881300D73C11 /* Base */ = {isa = PBXFileReference; lastKnownFileType = file.storyboard; name = Base; path = Base.lproj/LaunchScreen.storyboard; sourceTree = "<group>"; };
		6B9646232C2A881300D73C11 /* Info.plist */ = {isa = PBXFileReference; lastKnownFileType = text.plist.xml; path = Info.plist; sourceTree = "<group>"; };
		6B96462B2C2AACA000D73C11 /* Identifier+Extension.swift */ = {isa = PBXFileReference; lastKnownFileType = sourcecode.swift; path = "Identifier+Extension.swift"; sourceTree = "<group>"; };
		6B96462F2C2AADC200D73C11 /* BaseViewController.swift */ = {isa = PBXFileReference; lastKnownFileType = sourcecode.swift; path = BaseViewController.swift; sourceTree = "<group>"; };
		6B9646312C2AAE5A00D73C11 /* .gitignore */ = {isa = PBXFileReference; lastKnownFileType = text; path = .gitignore; sourceTree = "<group>"; };
		6B9646332C2AAEE400D73C11 /* TMDBRouter.swift */ = {isa = PBXFileReference; lastKnownFileType = sourcecode.swift; path = TMDBRouter.swift; sourceTree = "<group>"; };
		6B96463F2C2AB06B00D73C11 /* TrendViewController.swift */ = {isa = PBXFileReference; lastKnownFileType = sourcecode.swift; path = TrendViewController.swift; sourceTree = "<group>"; };
		6B9646412C2AB18900D73C11 /* NetworkManager.swift */ = {isa = PBXFileReference; lastKnownFileType = sourcecode.swift; path = NetworkManager.swift; sourceTree = "<group>"; };
		6B9646472C2BC11800D73C11 /* APIKey.swift */ = {isa = PBXFileReference; lastKnownFileType = sourcecode.swift; path = APIKey.swift; sourceTree = "<group>"; };
		6B96464B2C2BF06C00D73C11 /* QueryOfSearch.swift */ = {isa = PBXFileReference; lastKnownFileType = sourcecode.swift; path = QueryOfSearch.swift; sourceTree = "<group>"; };
		6B9646502C2BF8CC00D73C11 /* SearchDTO.swift */ = {isa = PBXFileReference; lastKnownFileType = sourcecode.swift; path = SearchDTO.swift; sourceTree = "<group>"; };
		6B9646542C2BFC7B00D73C11 /* NetworkError.swift */ = {isa = PBXFileReference; lastKnownFileType = sourcecode.swift; path = NetworkError.swift; sourceTree = "<group>"; };
		6B9646562C2BFCBD00D73C11 /* TMDBHeader.swift */ = {isa = PBXFileReference; lastKnownFileType = sourcecode.swift; path = TMDBHeader.swift; sourceTree = "<group>"; };
		6B9646582C2BFDF300D73C11 /* TrendDTO.swift */ = {isa = PBXFileReference; lastKnownFileType = sourcecode.swift; path = TrendDTO.swift; sourceTree = "<group>"; };
		6B96465A2C2BFF1100D73C11 /* MovieCreditDTO.swift */ = {isa = PBXFileReference; lastKnownFileType = sourcecode.swift; path = MovieCreditDTO.swift; sourceTree = "<group>"; };
		6B96465C2C2BFF7B00D73C11 /* SimilarMoviesDTO.swift */ = {isa = PBXFileReference; lastKnownFileType = sourcecode.swift; path = SimilarMoviesDTO.swift; sourceTree = "<group>"; };
		6B96465F2C2C004700D73C11 /* RecommendedMoviesDTO.swift */ = {isa = PBXFileReference; lastKnownFileType = sourcecode.swift; path = RecommendedMoviesDTO.swift; sourceTree = "<group>"; };
		6B9646632C2C0BC200D73C11 /* TrendCollectionViewCell.swift */ = {isa = PBXFileReference; lastKnownFileType = sourcecode.swift; path = TrendCollectionViewCell.swift; sourceTree = "<group>"; };
		6B9646652C2C11A500D73C11 /* QueryOfTrend.swift */ = {isa = PBXFileReference; lastKnownFileType = sourcecode.swift; path = QueryOfTrend.swift; sourceTree = "<group>"; };
		6B9646672C2C12FB00D73C11 /* QueryOfSimilarAndRecommendations.swift */ = {isa = PBXFileReference; lastKnownFileType = sourcecode.swift; path = QueryOfSimilarAndRecommendations.swift; sourceTree = "<group>"; };
		6B9646692C2C135A00D73C11 /* QueryOfCredit.swift */ = {isa = PBXFileReference; lastKnownFileType = sourcecode.swift; path = QueryOfCredit.swift; sourceTree = "<group>"; };
		6B96466D2C2C17C500D73C11 /* MovieCreditViewController.swift */ = {isa = PBXFileReference; lastKnownFileType = sourcecode.swift; path = MovieCreditViewController.swift; sourceTree = "<group>"; };
		6B96466F2C2C17DC00D73C11 /* MovieCreditCollectionViewSections.swift */ = {isa = PBXFileReference; lastKnownFileType = sourcecode.swift; path = MovieCreditCollectionViewSections.swift; sourceTree = "<group>"; };
		6B9646712C2C192E00D73C11 /* PosterCollectionViewCell.swift */ = {isa = PBXFileReference; lastKnownFileType = sourcecode.swift; path = PosterCollectionViewCell.swift; sourceTree = "<group>"; };
		6B9646732C2C19EF00D73C11 /* OverviewCollectionViewCell.swift */ = {isa = PBXFileReference; lastKnownFileType = sourcecode.swift; path = OverviewCollectionViewCell.swift; sourceTree = "<group>"; };
		6B9646752C2C1A7600D73C11 /* CastCollectionViewCell.swift */ = {isa = PBXFileReference; lastKnownFileType = sourcecode.swift; path = CastCollectionViewCell.swift; sourceTree = "<group>"; };
		6B9646782C2C1C1400D73C11 /* TitleHeaderView.swift */ = {isa = PBXFileReference; lastKnownFileType = sourcecode.swift; path = TitleHeaderView.swift; sourceTree = "<group>"; };
		6B96467A2C2C1C6A00D73C11 /* MovieCreditModel.swift */ = {isa = PBXFileReference; lastKnownFileType = sourcecode.swift; path = MovieCreditModel.swift; sourceTree = "<group>"; };
		6B96467C2C2C472D00D73C11 /* HeaderCell.swift */ = {isa = PBXFileReference; lastKnownFileType = sourcecode.swift; path = HeaderCell.swift; sourceTree = "<group>"; };
		6B96467E2C2CE9C300D73C11 /* HomeViewController.swift */ = {isa = PBXFileReference; lastKnownFileType = sourcecode.swift; path = HomeViewController.swift; sourceTree = "<group>"; };
/* End PBXFileReference section */

/* Begin PBXFrameworksBuildPhase section */
		6B96460F2C2A881200D73C11 /* Frameworks */ = {
			isa = PBXFrameworksBuildPhase;
			buildActionMask = 2147483647;
			files = (
				6B96463D2C2AAFF500D73C11 /* SnapKit in Frameworks */,
				6B9646372C2AAFE200D73C11 /* Kingfisher in Frameworks */,
				6B96463A2C2AAFEC00D73C11 /* Alamofire in Frameworks */,
			);
			runOnlyForDeploymentPostprocessing = 0;
		};
/* End PBXFrameworksBuildPhase section */

/* Begin PBXGroup section */
		6B1A67B62C2DAAD90035FB55 /* Cell */ = {
			isa = PBXGroup;
			children = (
				6B1A67B22C2D9A120035FB55 /* HomeMainCollectionViewCell.swift */,
			);
			path = Cell;
			sourceTree = "<group>";
		};
		6B1A67B92C2DAE170035FB55 /* Search */ = {
			isa = PBXGroup;
			children = (
				6B1A67BA2C2E76B00035FB55 /* SearchViewController.swift */,
			);
			path = Search;
			sourceTree = "<group>";
		};
		6B9646092C2A881200D73C11 = {
			isa = PBXGroup;
			children = (
				6B9646312C2AAE5A00D73C11 /* .gitignore */,
				6B9646142C2A881200D73C11 /* MovieLog */,
				6B9646132C2A881200D73C11 /* Products */,
			);
			sourceTree = "<group>";
		};
		6B9646132C2A881200D73C11 /* Products */ = {
			isa = PBXGroup;
			children = (
				6B9646122C2A881200D73C11 /* MovieLog.app */,
			);
			name = Products;
			sourceTree = "<group>";
		};
		6B9646142C2A881200D73C11 /* MovieLog */ = {
			isa = PBXGroup;
			children = (
				6B96462E2C2AAD5600D73C11 /* LifeCycle */,
				6B9646522C2BFB3D00D73C11 /* Base */,
				6B9646802C2CE9CD00D73C11 /* Home */,
				6B1A67B92C2DAE170035FB55 /* Search */,
				6B96466B2C2C178F00D73C11 /* TrendMovies */,
				6B96466C2C2C17A100D73C11 /* MovieCredit */,
				6B96464D2C2BF0BA00D73C11 /* NetworK */,
				6B9646532C2BFC6900D73C11 /* ErrorCase */,
				6B96464F2C2BF85D00D73C11 /* DTO */,
				6B9646432C2AB18E00D73C11 /* Utils */,
				6B96462D2C2AACAC00D73C11 /* Extension */,
				6B96463E2C2AB03E00D73C11 /* Resource */,
				6B9646232C2A881300D73C11 /* Info.plist */,
			);
			path = MovieLog;
			sourceTree = "<group>";
		};
		6B96462D2C2AACAC00D73C11 /* Extension */ = {
			isa = PBXGroup;
			children = (
				6B96462B2C2AACA000D73C11 /* Identifier+Extension.swift */,
				6B1A67B42C2DA7D20035FB55 /* UIButton+Extension.swift */,
			);
			path = Extension;
			sourceTree = "<group>";
		};
		6B96462E2C2AAD5600D73C11 /* LifeCycle */ = {
			isa = PBXGroup;
			children = (
				6B9646152C2A881200D73C11 /* AppDelegate.swift */,
				6B9646172C2A881200D73C11 /* SceneDelegate.swift */,
			);
			path = LifeCycle;
			sourceTree = "<group>";
		};
		6B96463E2C2AB03E00D73C11 /* Resource */ = {
			isa = PBXGroup;
			children = (
				6B96461E2C2A881300D73C11 /* Assets.xcassets */,
				6B9646202C2A881300D73C11 /* LaunchScreen.storyboard */,
			);
			path = Resource;
			sourceTree = "<group>";
		};
		6B9646432C2AB18E00D73C11 /* Utils */ = {
			isa = PBXGroup;
			children = (
			);
			path = Utils;
			sourceTree = "<group>";
		};
		6B96464D2C2BF0BA00D73C11 /* NetworK */ = {
			isa = PBXGroup;
			children = (
				6B9646472C2BC11800D73C11 /* APIKey.swift */,
				6B9646412C2AB18900D73C11 /* NetworkManager.swift */,
				6B9646332C2AAEE400D73C11 /* TMDBRouter.swift */,
				6B9646562C2BFCBD00D73C11 /* TMDBHeader.swift */,
				6B96464E2C2BF0D000D73C11 /* Query */,
			);
			path = NetworK;
			sourceTree = "<group>";
		};
		6B96464E2C2BF0D000D73C11 /* Query */ = {
			isa = PBXGroup;
			children = (
				6B96464B2C2BF06C00D73C11 /* QueryOfSearch.swift */,
				6B9646652C2C11A500D73C11 /* QueryOfTrend.swift */,
				6B9646672C2C12FB00D73C11 /* QueryOfSimilarAndRecommendations.swift */,
				6B9646692C2C135A00D73C11 /* QueryOfCredit.swift */,
			);
			path = Query;
			sourceTree = "<group>";
		};
		6B96464F2C2BF85D00D73C11 /* DTO */ = {
			isa = PBXGroup;
			children = (
				6B9646502C2BF8CC00D73C11 /* SearchDTO.swift */,
				6B9646582C2BFDF300D73C11 /* TrendDTO.swift */,
				6B96465A2C2BFF1100D73C11 /* MovieCreditDTO.swift */,
				6B96465C2C2BFF7B00D73C11 /* SimilarMoviesDTO.swift */,
				6B96465F2C2C004700D73C11 /* RecommendedMoviesDTO.swift */,
			);
			path = DTO;
			sourceTree = "<group>";
		};
		6B9646522C2BFB3D00D73C11 /* Base */ = {
			isa = PBXGroup;
			children = (
				6B1A67AA2C2D7CCA0035FB55 /* UserTabBarController.swift */,
				6B96462F2C2AADC200D73C11 /* BaseViewController.swift */,
				6B1A67B02C2D8AB80035FB55 /* BaseView.swift */,
			);
			path = Base;
			sourceTree = "<group>";
		};
		6B9646532C2BFC6900D73C11 /* ErrorCase */ = {
			isa = PBXGroup;
			children = (
				6B9646542C2BFC7B00D73C11 /* NetworkError.swift */,
			);
			path = ErrorCase;
			sourceTree = "<group>";
		};
		6B96466B2C2C178F00D73C11 /* TrendMovies */ = {
			isa = PBXGroup;
			children = (
				6B96463F2C2AB06B00D73C11 /* TrendViewController.swift */,
				6B9646632C2C0BC200D73C11 /* TrendCollectionViewCell.swift */,
			);
			path = TrendMovies;
			sourceTree = "<group>";
		};
		6B96466C2C2C17A100D73C11 /* MovieCredit */ = {
			isa = PBXGroup;
			children = (
				6B96466D2C2C17C500D73C11 /* MovieCreditViewController.swift */,
				6B96466F2C2C17DC00D73C11 /* MovieCreditCollectionViewSections.swift */,
				6B96467A2C2C1C6A00D73C11 /* MovieCreditModel.swift */,
				6B9646772C2C1BC600D73C11 /* Cell */,
			);
			path = MovieCredit;
			sourceTree = "<group>";
		};
		6B9646772C2C1BC600D73C11 /* Cell */ = {
			isa = PBXGroup;
			children = (
				6B96467C2C2C472D00D73C11 /* HeaderCell.swift */,
				6B9646782C2C1C1400D73C11 /* TitleHeaderView.swift */,
				6B9646712C2C192E00D73C11 /* PosterCollectionViewCell.swift */,
				6B9646732C2C19EF00D73C11 /* OverviewCollectionViewCell.swift */,
				6B9646752C2C1A7600D73C11 /* CastCollectionViewCell.swift */,
			);
			path = Cell;
			sourceTree = "<group>";
		};
		6B9646802C2CE9CD00D73C11 /* Home */ = {
			isa = PBXGroup;
			children = (
				6B96467E2C2CE9C300D73C11 /* HomeViewController.swift */,
				6B1A67AC2C2D80360035FB55 /* HomeCollectionViewSections.swift */,
				6B1A67B62C2DAAD90035FB55 /* Cell */,
			);
			path = Home;
			sourceTree = "<group>";
		};
/* End PBXGroup section */

/* Begin PBXNativeTarget section */
		6B9646112C2A881200D73C11 /* MovieLog */ = {
			isa = PBXNativeTarget;
			buildConfigurationList = 6B9646262C2A881300D73C11 /* Build configuration list for PBXNativeTarget "MovieLog" */;
			buildPhases = (
				6B96460E2C2A881200D73C11 /* Sources */,
				6B96460F2C2A881200D73C11 /* Frameworks */,
				6B9646102C2A881200D73C11 /* Resources */,
			);
			buildRules = (
			);
			dependencies = (
			);
			name = MovieLog;
			packageProductDependencies = (
				6B9646362C2AAFE200D73C11 /* Kingfisher */,
				6B9646392C2AAFEC00D73C11 /* Alamofire */,
				6B96463C2C2AAFF500D73C11 /* SnapKit */,
			);
			productName = MovieLog;
			productReference = 6B9646122C2A881200D73C11 /* MovieLog.app */;
			productType = "com.apple.product-type.application";
		};
/* End PBXNativeTarget section */

/* Begin PBXProject section */
		6B96460A2C2A881200D73C11 /* Project object */ = {
			isa = PBXProject;
			attributes = {
				BuildIndependentTargetsInParallel = 1;
				LastSwiftUpdateCheck = 1530;
				LastUpgradeCheck = 1530;
				TargetAttributes = {
					6B9646112C2A881200D73C11 = {
						CreatedOnToolsVersion = 15.3;
					};
				};
			};
			buildConfigurationList = 6B96460D2C2A881200D73C11 /* Build configuration list for PBXProject "MovieLog" */;
			compatibilityVersion = "Xcode 14.0";
			developmentRegion = en;
			hasScannedForEncodings = 0;
			knownRegions = (
				en,
				Base,
			);
			mainGroup = 6B9646092C2A881200D73C11;
			packageReferences = (
				6B9646352C2AAFE200D73C11 /* XCRemoteSwiftPackageReference "Kingfisher" */,
				6B9646382C2AAFEC00D73C11 /* XCRemoteSwiftPackageReference "Alamofire" */,
				6B96463B2C2AAFF500D73C11 /* XCRemoteSwiftPackageReference "SnapKit" */,
			);
			productRefGroup = 6B9646132C2A881200D73C11 /* Products */;
			projectDirPath = "";
			projectRoot = "";
			targets = (
				6B9646112C2A881200D73C11 /* MovieLog */,
			);
		};
/* End PBXProject section */

/* Begin PBXResourcesBuildPhase section */
		6B9646102C2A881200D73C11 /* Resources */ = {
			isa = PBXResourcesBuildPhase;
			buildActionMask = 2147483647;
			files = (
				6B96461F2C2A881300D73C11 /* Assets.xcassets in Resources */,
				6B9646322C2AAE5A00D73C11 /* .gitignore in Resources */,
				6B9646222C2A881300D73C11 /* Base in Resources */,
			);
			runOnlyForDeploymentPostprocessing = 0;
		};
/* End PBXResourcesBuildPhase section */

/* Begin PBXSourcesBuildPhase section */
		6B96460E2C2A881200D73C11 /* Sources */ = {
			isa = PBXSourcesBuildPhase;
			buildActionMask = 2147483647;
			files = (
				6B9646302C2AADC200D73C11 /* BaseViewController.swift in Sources */,
				6B9646762C2C1A7600D73C11 /* CastCollectionViewCell.swift in Sources */,
				6B9646602C2C004700D73C11 /* RecommendedMoviesDTO.swift in Sources */,
				6B1A67B52C2DA7D20035FB55 /* UIButton+Extension.swift in Sources */,
				6B9646592C2BFDF300D73C11 /* TrendDTO.swift in Sources */,
				6B9646682C2C12FB00D73C11 /* QueryOfSimilarAndRecommendations.swift in Sources */,
				6B96466E2C2C17C500D73C11 /* MovieCreditViewController.swift in Sources */,
				6B9646342C2AAEE400D73C11 /* TMDBRouter.swift in Sources */,
				6B9646792C2C1C1400D73C11 /* TitleHeaderView.swift in Sources */,
				6B9646742C2C19EF00D73C11 /* OverviewCollectionViewCell.swift in Sources */,
				6B1A67B12C2D8AB80035FB55 /* BaseView.swift in Sources */,
				6B96465B2C2BFF1100D73C11 /* MovieCreditDTO.swift in Sources */,
				6B1A67AB2C2D7CCA0035FB55 /* UserTabBarController.swift in Sources */,
				6B96462C2C2AACA000D73C11 /* Identifier+Extension.swift in Sources */,
				6B96464C2C2BF06C00D73C11 /* QueryOfSearch.swift in Sources */,
				6B1A67BB2C2E76B00035FB55 /* SearchViewController.swift in Sources */,
				6B9646512C2BF8CC00D73C11 /* SearchDTO.swift in Sources */,
				6B96465D2C2BFF7B00D73C11 /* SimilarMoviesDTO.swift in Sources */,
				6B9646422C2AB18900D73C11 /* NetworkManager.swift in Sources */,
				6B9646642C2C0BC200D73C11 /* TrendCollectionViewCell.swift in Sources */,
				6B9646402C2AB06B00D73C11 /* TrendViewController.swift in Sources */,
				6B9646162C2A881200D73C11 /* AppDelegate.swift in Sources */,
				6B9646572C2BFCBD00D73C11 /* TMDBHeader.swift in Sources */,
				6B1A67AD2C2D80360035FB55 /* HomeCollectionViewSections.swift in Sources */,
				6B1A67B32C2D9A120035FB55 /* HomeMainCollectionViewCell.swift in Sources */,
				6B96467F2C2CE9C300D73C11 /* HomeViewController.swift in Sources */,
				6B9646552C2BFC7B00D73C11 /* NetworkError.swift in Sources */,
				6B9646482C2BC11800D73C11 /* APIKey.swift in Sources */,
				6B9646662C2C11A500D73C11 /* QueryOfTrend.swift in Sources */,
				6B9646182C2A881200D73C11 /* SceneDelegate.swift in Sources */,
				6B9646722C2C192E00D73C11 /* PosterCollectionViewCell.swift in Sources */,
				6B96467B2C2C1C6A00D73C11 /* MovieCreditModel.swift in Sources */,
				6B96467D2C2C472D00D73C11 /* HeaderCell.swift in Sources */,
				6B9646702C2C17DC00D73C11 /* MovieCreditCollectionViewSections.swift in Sources */,
				6B96466A2C2C135A00D73C11 /* QueryOfCredit.swift in Sources */,
			);
			runOnlyForDeploymentPostprocessing = 0;
		};
/* End PBXSourcesBuildPhase section */

/* Begin PBXVariantGroup section */
		6B9646202C2A881300D73C11 /* LaunchScreen.storyboard */ = {
			isa = PBXVariantGroup;
			children = (
				6B9646212C2A881300D73C11 /* Base */,
			);
			name = LaunchScreen.storyboard;
			sourceTree = "<group>";
		};
/* End PBXVariantGroup section */

/* Begin XCBuildConfiguration section */
		6B9646242C2A881300D73C11 /* Debug */ = {
			isa = XCBuildConfiguration;
			buildSettings = {
				ALWAYS_SEARCH_USER_PATHS = NO;
				ASSETCATALOG_COMPILER_GENERATE_SWIFT_ASSET_SYMBOL_EXTENSIONS = YES;
				CLANG_ANALYZER_NONNULL = YES;
				CLANG_ANALYZER_NUMBER_OBJECT_CONVERSION = YES_AGGRESSIVE;
				CLANG_CXX_LANGUAGE_STANDARD = "gnu++20";
				CLANG_ENABLE_MODULES = YES;
				CLANG_ENABLE_OBJC_ARC = YES;
				CLANG_ENABLE_OBJC_WEAK = YES;
				CLANG_WARN_BLOCK_CAPTURE_AUTORELEASING = YES;
				CLANG_WARN_BOOL_CONVERSION = YES;
				CLANG_WARN_COMMA = YES;
				CLANG_WARN_CONSTANT_CONVERSION = YES;
				CLANG_WARN_DEPRECATED_OBJC_IMPLEMENTATIONS = YES;
				CLANG_WARN_DIRECT_OBJC_ISA_USAGE = YES_ERROR;
				CLANG_WARN_DOCUMENTATION_COMMENTS = YES;
				CLANG_WARN_EMPTY_BODY = YES;
				CLANG_WARN_ENUM_CONVERSION = YES;
				CLANG_WARN_INFINITE_RECURSION = YES;
				CLANG_WARN_INT_CONVERSION = YES;
				CLANG_WARN_NON_LITERAL_NULL_CONVERSION = YES;
				CLANG_WARN_OBJC_IMPLICIT_RETAIN_SELF = YES;
				CLANG_WARN_OBJC_LITERAL_CONVERSION = YES;
				CLANG_WARN_OBJC_ROOT_CLASS = YES_ERROR;
				CLANG_WARN_QUOTED_INCLUDE_IN_FRAMEWORK_HEADER = YES;
				CLANG_WARN_RANGE_LOOP_ANALYSIS = YES;
				CLANG_WARN_STRICT_PROTOTYPES = YES;
				CLANG_WARN_SUSPICIOUS_MOVE = YES;
				CLANG_WARN_UNGUARDED_AVAILABILITY = YES_AGGRESSIVE;
				CLANG_WARN_UNREACHABLE_CODE = YES;
				CLANG_WARN__DUPLICATE_METHOD_MATCH = YES;
				COPY_PHASE_STRIP = NO;
				DEBUG_INFORMATION_FORMAT = dwarf;
				ENABLE_STRICT_OBJC_MSGSEND = YES;
				ENABLE_TESTABILITY = YES;
				ENABLE_USER_SCRIPT_SANDBOXING = YES;
				GCC_C_LANGUAGE_STANDARD = gnu17;
				GCC_DYNAMIC_NO_PIC = NO;
				GCC_NO_COMMON_BLOCKS = YES;
				GCC_OPTIMIZATION_LEVEL = 0;
				GCC_PREPROCESSOR_DEFINITIONS = (
					"DEBUG=1",
					"$(inherited)",
				);
				GCC_WARN_64_TO_32_BIT_CONVERSION = YES;
				GCC_WARN_ABOUT_RETURN_TYPE = YES_ERROR;
				GCC_WARN_UNDECLARED_SELECTOR = YES;
				GCC_WARN_UNINITIALIZED_AUTOS = YES_AGGRESSIVE;
				GCC_WARN_UNUSED_FUNCTION = YES;
				GCC_WARN_UNUSED_VARIABLE = YES;
				IPHONEOS_DEPLOYMENT_TARGET = 17.4;
				LOCALIZATION_PREFERS_STRING_CATALOGS = YES;
				MTL_ENABLE_DEBUG_INFO = INCLUDE_SOURCE;
				MTL_FAST_MATH = YES;
				ONLY_ACTIVE_ARCH = YES;
				SDKROOT = iphoneos;
				SWIFT_ACTIVE_COMPILATION_CONDITIONS = "DEBUG $(inherited)";
				SWIFT_OPTIMIZATION_LEVEL = "-Onone";
			};
			name = Debug;
		};
		6B9646252C2A881300D73C11 /* Release */ = {
			isa = XCBuildConfiguration;
			buildSettings = {
				ALWAYS_SEARCH_USER_PATHS = NO;
				ASSETCATALOG_COMPILER_GENERATE_SWIFT_ASSET_SYMBOL_EXTENSIONS = YES;
				CLANG_ANALYZER_NONNULL = YES;
				CLANG_ANALYZER_NUMBER_OBJECT_CONVERSION = YES_AGGRESSIVE;
				CLANG_CXX_LANGUAGE_STANDARD = "gnu++20";
				CLANG_ENABLE_MODULES = YES;
				CLANG_ENABLE_OBJC_ARC = YES;
				CLANG_ENABLE_OBJC_WEAK = YES;
				CLANG_WARN_BLOCK_CAPTURE_AUTORELEASING = YES;
				CLANG_WARN_BOOL_CONVERSION = YES;
				CLANG_WARN_COMMA = YES;
				CLANG_WARN_CONSTANT_CONVERSION = YES;
				CLANG_WARN_DEPRECATED_OBJC_IMPLEMENTATIONS = YES;
				CLANG_WARN_DIRECT_OBJC_ISA_USAGE = YES_ERROR;
				CLANG_WARN_DOCUMENTATION_COMMENTS = YES;
				CLANG_WARN_EMPTY_BODY = YES;
				CLANG_WARN_ENUM_CONVERSION = YES;
				CLANG_WARN_INFINITE_RECURSION = YES;
				CLANG_WARN_INT_CONVERSION = YES;
				CLANG_WARN_NON_LITERAL_NULL_CONVERSION = YES;
				CLANG_WARN_OBJC_IMPLICIT_RETAIN_SELF = YES;
				CLANG_WARN_OBJC_LITERAL_CONVERSION = YES;
				CLANG_WARN_OBJC_ROOT_CLASS = YES_ERROR;
				CLANG_WARN_QUOTED_INCLUDE_IN_FRAMEWORK_HEADER = YES;
				CLANG_WARN_RANGE_LOOP_ANALYSIS = YES;
				CLANG_WARN_STRICT_PROTOTYPES = YES;
				CLANG_WARN_SUSPICIOUS_MOVE = YES;
				CLANG_WARN_UNGUARDED_AVAILABILITY = YES_AGGRESSIVE;
				CLANG_WARN_UNREACHABLE_CODE = YES;
				CLANG_WARN__DUPLICATE_METHOD_MATCH = YES;
				COPY_PHASE_STRIP = NO;
				DEBUG_INFORMATION_FORMAT = "dwarf-with-dsym";
				ENABLE_NS_ASSERTIONS = NO;
				ENABLE_STRICT_OBJC_MSGSEND = YES;
				ENABLE_USER_SCRIPT_SANDBOXING = YES;
				GCC_C_LANGUAGE_STANDARD = gnu17;
				GCC_NO_COMMON_BLOCKS = YES;
				GCC_WARN_64_TO_32_BIT_CONVERSION = YES;
				GCC_WARN_ABOUT_RETURN_TYPE = YES_ERROR;
				GCC_WARN_UNDECLARED_SELECTOR = YES;
				GCC_WARN_UNINITIALIZED_AUTOS = YES_AGGRESSIVE;
				GCC_WARN_UNUSED_FUNCTION = YES;
				GCC_WARN_UNUSED_VARIABLE = YES;
				IPHONEOS_DEPLOYMENT_TARGET = 17.4;
				LOCALIZATION_PREFERS_STRING_CATALOGS = YES;
				MTL_ENABLE_DEBUG_INFO = NO;
				MTL_FAST_MATH = YES;
				SDKROOT = iphoneos;
				SWIFT_COMPILATION_MODE = wholemodule;
				VALIDATE_PRODUCT = YES;
			};
			name = Release;
		};
		6B9646272C2A881300D73C11 /* Debug */ = {
			isa = XCBuildConfiguration;
			buildSettings = {
				ASSETCATALOG_COMPILER_APPICON_NAME = AppIcon;
				ASSETCATALOG_COMPILER_GLOBAL_ACCENT_COLOR_NAME = AccentColor;
				CODE_SIGN_STYLE = Automatic;
				CURRENT_PROJECT_VERSION = 1;
				DEVELOPMENT_TEAM = F8Q3Y446GH;
				GENERATE_INFOPLIST_FILE = YES;
				INFOPLIST_FILE = MovieLog/Info.plist;
				INFOPLIST_KEY_UIApplicationSupportsIndirectInputEvents = YES;
				INFOPLIST_KEY_UILaunchStoryboardName = LaunchScreen;
				INFOPLIST_KEY_UISupportedInterfaceOrientations = UIInterfaceOrientationPortrait;
				INFOPLIST_KEY_UISupportedInterfaceOrientations_iPad = UIInterfaceOrientationPortrait;
				IPHONEOS_DEPLOYMENT_TARGET = 15.0;
				LD_RUNPATH_SEARCH_PATHS = (
					"$(inherited)",
					"@executable_path/Frameworks",
				);
				MARKETING_VERSION = 1.0;
				PRODUCT_BUNDLE_IDENTIFIER = beom.MovieLog;
				PRODUCT_NAME = "$(TARGET_NAME)";
				SUPPORTED_PLATFORMS = "iphoneos iphonesimulator";
				SUPPORTS_MACCATALYST = NO;
				SUPPORTS_MAC_DESIGNED_FOR_IPHONE_IPAD = NO;
				SUPPORTS_XR_DESIGNED_FOR_IPHONE_IPAD = NO;
				SWIFT_EMIT_LOC_STRINGS = YES;
				SWIFT_VERSION = 5.0;
				TARGETED_DEVICE_FAMILY = 1;
			};
			name = Debug;
		};
		6B9646282C2A881300D73C11 /* Release */ = {
			isa = XCBuildConfiguration;
			buildSettings = {
				ASSETCATALOG_COMPILER_APPICON_NAME = AppIcon;
				ASSETCATALOG_COMPILER_GLOBAL_ACCENT_COLOR_NAME = AccentColor;
				CODE_SIGN_STYLE = Automatic;
				CURRENT_PROJECT_VERSION = 1;
				DEVELOPMENT_TEAM = F8Q3Y446GH;
				GENERATE_INFOPLIST_FILE = YES;
				INFOPLIST_FILE = MovieLog/Info.plist;
				INFOPLIST_KEY_UIApplicationSupportsIndirectInputEvents = YES;
				INFOPLIST_KEY_UILaunchStoryboardName = LaunchScreen;
				INFOPLIST_KEY_UISupportedInterfaceOrientations = UIInterfaceOrientationPortrait;
				INFOPLIST_KEY_UISupportedInterfaceOrientations_iPad = UIInterfaceOrientationPortrait;
				IPHONEOS_DEPLOYMENT_TARGET = 15.0;
				LD_RUNPATH_SEARCH_PATHS = (
					"$(inherited)",
					"@executable_path/Frameworks",
				);
				MARKETING_VERSION = 1.0;
				PRODUCT_BUNDLE_IDENTIFIER = beom.MovieLog;
				PRODUCT_NAME = "$(TARGET_NAME)";
				SUPPORTED_PLATFORMS = "iphoneos iphonesimulator";
				SUPPORTS_MACCATALYST = NO;
				SUPPORTS_MAC_DESIGNED_FOR_IPHONE_IPAD = NO;
				SUPPORTS_XR_DESIGNED_FOR_IPHONE_IPAD = NO;
				SWIFT_EMIT_LOC_STRINGS = YES;
				SWIFT_VERSION = 5.0;
				TARGETED_DEVICE_FAMILY = 1;
			};
			name = Release;
		};
/* End XCBuildConfiguration section */

/* Begin XCConfigurationList section */
		6B96460D2C2A881200D73C11 /* Build configuration list for PBXProject "MovieLog" */ = {
			isa = XCConfigurationList;
			buildConfigurations = (
				6B9646242C2A881300D73C11 /* Debug */,
				6B9646252C2A881300D73C11 /* Release */,
			);
			defaultConfigurationIsVisible = 0;
			defaultConfigurationName = Release;
		};
		6B9646262C2A881300D73C11 /* Build configuration list for PBXNativeTarget "MovieLog" */ = {
			isa = XCConfigurationList;
			buildConfigurations = (
				6B9646272C2A881300D73C11 /* Debug */,
				6B9646282C2A881300D73C11 /* Release */,
			);
			defaultConfigurationIsVisible = 0;
			defaultConfigurationName = Release;
		};
/* End XCConfigurationList section */

/* Begin XCRemoteSwiftPackageReference section */
		6B9646352C2AAFE200D73C11 /* XCRemoteSwiftPackageReference "Kingfisher" */ = {
			isa = XCRemoteSwiftPackageReference;
			repositoryURL = "https://github.com/onevcat/Kingfisher.git";
			requirement = {
				kind = upToNextMajorVersion;
				minimumVersion = 7.12.0;
			};
		};
		6B9646382C2AAFEC00D73C11 /* XCRemoteSwiftPackageReference "Alamofire" */ = {
			isa = XCRemoteSwiftPackageReference;
			repositoryURL = "https://github.com/Alamofire/Alamofire.git";
			requirement = {
				kind = upToNextMajorVersion;
				minimumVersion = 5.9.1;
			};
		};
		6B96463B2C2AAFF500D73C11 /* XCRemoteSwiftPackageReference "SnapKit" */ = {
			isa = XCRemoteSwiftPackageReference;
			repositoryURL = "https://github.com/SnapKit/SnapKit.git";
			requirement = {
				kind = upToNextMajorVersion;
				minimumVersion = 5.7.1;
			};
		};
/* End XCRemoteSwiftPackageReference section */

/* Begin XCSwiftPackageProductDependency section */
		6B9646362C2AAFE200D73C11 /* Kingfisher */ = {
			isa = XCSwiftPackageProductDependency;
			package = 6B9646352C2AAFE200D73C11 /* XCRemoteSwiftPackageReference "Kingfisher" */;
			productName = Kingfisher;
		};
		6B9646392C2AAFEC00D73C11 /* Alamofire */ = {
			isa = XCSwiftPackageProductDependency;
			package = 6B9646382C2AAFEC00D73C11 /* XCRemoteSwiftPackageReference "Alamofire" */;
			productName = Alamofire;
		};
		6B96463C2C2AAFF500D73C11 /* SnapKit */ = {
			isa = XCSwiftPackageProductDependency;
			package = 6B96463B2C2AAFF500D73C11 /* XCRemoteSwiftPackageReference "SnapKit" */;
			productName = SnapKit;
		};
/* End XCSwiftPackageProductDependency section */
	};
	rootObject = 6B96460A2C2A881200D73C11 /* Project object */;
}
